
Microsoft Visual Studio Solution File, Format Version 12.00
# Visual Studio Express 2013 for Web
VisualStudioVersion = 12.0.40629.0
MinimumVisualStudioVersion = 10.0.40219.1
Project("{FAE04EC0-301F-11D3-BF4B-00C04F79EFBC}") = "Yutaka", "Yutaka\Yutaka.csproj", "{822C4E9A-0EFF-466A-B463-18DBF257479C}"
EndProject
Project("{2150E333-8FDC-42A3-9474-1A3956D46DE8}") = "Libraries", "Libraries", "{2F7E70C2-68B7-4A98-873D-D49E4F3AF552}"
EndProject
Project("{FAE04EC0-301F-11D3-BF4B-00C04F79EFBC}") = "Yutaka.Diagnostics", "Libraries\Yutaka.Diagnostics\Yutaka.Diagnostics.csproj", "{3366E688-0760-44C7-A2F3-2AA1F4B6902E}"
EndProject
Project("{FAE04EC0-301F-11D3-BF4B-00C04F79EFBC}") = "Yutaka.IO", "Libraries\Yutaka.IO\Yutaka.IO.csproj", "{EFE67BB5-CDA4-4B3E-89F1-60628003D560}"
EndProject
Project("{FAE04EC0-301F-11D3-BF4B-00C04F79EFBC}") = "Yutaka.Net", "Libraries\Yutaka.Net\Yutaka.Net.csproj", "{5DB9AE9C-4643-49E4-BCF1-FCF94B6B9893}"
EndProject
Project("{FAE04EC0-301F-11D3-BF4B-00C04F79EFBC}") = "Yutaka.Utils", "Libraries\Yutaka.Utils\Yutaka.Utils.csproj", "{AE56E005-996D-42AC-BF75-CD21648201F0}"
EndProject
Project("{2150E333-8FDC-42A3-9474-1A3956D46DE8}") = "Programs", "Programs", "{6E0BA83A-247A-4171-B06E-C10731440B2F}"
EndProject
Project("{FAE04EC0-301F-11D3-BF4B-00C04F79EFBC}") = "Yutaka.FileProcessor", "Programs\Yutaka.FileProcessor\Yutaka.FileProcessor.csproj", "{B6F3620A-703A-4B8A-9898-F4BF4A19DA49}"
EndProject
Project("{FAE04EC0-301F-11D3-BF4B-00C04F79EFBC}") = "Yutaka.Text", "Libraries\Yutaka.Text\Yutaka.Text.csproj", "{8EEBC3DA-6086-4CC5-AA8D-E4D08E397BDC}"
EndProject
Global
	GlobalSection(SolutionConfigurationPlatforms) = preSolution
		Debug|Any CPU = Debug|Any CPU
		Release|Any CPU = Release|Any CPU
	EndGlobalSection
	GlobalSection(ProjectConfigurationPlatforms) = postSolution
		{822C4E9A-0EFF-466A-B463-18DBF257479C}.Debug|Any CPU.ActiveCfg = Debug|Any CPU
		{822C4E9A-0EFF-466A-B463-18DBF257479C}.Debug|Any CPU.Build.0 = Debug|Any CPU
		{822C4E9A-0EFF-466A-B463-18DBF257479C}.Release|Any CPU.ActiveCfg = Release|Any CPU
		{822C4E9A-0EFF-466A-B463-18DBF257479C}.Release|Any CPU.Build.0 = Release|Any CPU
		{3366E688-0760-44C7-A2F3-2AA1F4B6902E}.Debug|Any CPU.ActiveCfg = Debug|Any CPU
		{3366E688-0760-44C7-A2F3-2AA1F4B6902E}.Debug|Any CPU.Build.0 = Debug|Any CPU
		{3366E688-0760-44C7-A2F3-2AA1F4B6902E}.Release|Any CPU.ActiveCfg = Release|Any CPU
		{3366E688-0760-44C7-A2F3-2AA1F4B6902E}.Release|Any CPU.Build.0 = Release|Any CPU
		{EFE67BB5-CDA4-4B3E-89F1-60628003D560}.Debug|Any CPU.ActiveCfg = Debug|Any CPU
		{EFE67BB5-CDA4-4B3E-89F1-60628003D560}.Debug|Any CPU.Build.0 = Debug|Any CPU
		{EFE67BB5-CDA4-4B3E-89F1-60628003D560}.Release|Any CPU.ActiveCfg = Release|Any CPU
		{EFE67BB5-CDA4-4B3E-89F1-60628003D560}.Release|Any CPU.Build.0 = Release|Any CPU
		{5DB9AE9C-4643-49E4-BCF1-FCF94B6B9893}.Debug|Any CPU.ActiveCfg = Debug|Any CPU
		{5DB9AE9C-4643-49E4-BCF1-FCF94B6B9893}.Debug|Any CPU.Build.0 = Debug|Any CPU
		{5DB9AE9C-4643-49E4-BCF1-FCF94B6B9893}.Release|Any CPU.ActiveCfg = Release|Any CPU
		{5DB9AE9C-4643-49E4-BCF1-FCF94B6B9893}.Release|Any CPU.Build.0 = Release|Any CPU
		{AE56E005-996D-42AC-BF75-CD21648201F0}.Debug|Any CPU.ActiveCfg = Debug|Any CPU
		{AE56E005-996D-42AC-BF75-CD21648201F0}.Debug|Any CPU.Build.0 = Debug|Any CPU
		{AE56E005-996D-42AC-BF75-CD21648201F0}.Release|Any CPU.ActiveCfg = Release|Any CPU
		{AE56E005-996D-42AC-BF75-CD21648201F0}.Release|Any CPU.Build.0 = Release|Any CPU
		{B6F3620A-703A-4B8A-9898-F4BF4A19DA49}.Debug|Any CPU.ActiveCfg = Debug|Any CPU
		{B6F3620A-703A-4B8A-9898-F4BF4A19DA49}.Debug|Any CPU.Build.0 = Debug|Any CPU
		{B6F3620A-703A-4B8A-9898-F4BF4A19DA49}.Release|Any CPU.ActiveCfg = Release|Any CPU
		{B6F3620A-703A-4B8A-9898-F4BF4A19DA49}.Release|Any CPU.Build.0 = Release|Any CPU
		{8EEBC3DA-6086-4CC5-AA8D-E4D08E397BDC}.Debug|Any CPU.ActiveCfg = Debug|Any CPU
		{8EEBC3DA-6086-4CC5-AA8D-E4D08E397BDC}.Debug|Any CPU.Build.0 = Debug|Any CPU
		{8EEBC3DA-6086-4CC5-AA8D-E4D08E397BDC}.Release|Any CPU.ActiveCfg = Release|Any CPU
		{8EEBC3DA-6086-4CC5-AA8D-E4D08E397BDC}.Release|Any CPU.Build.0 = Release|Any CPU
	EndGlobalSection
	GlobalSection(SolutionProperties) = preSolution
		HideSolutionNode = FALSE
	EndGlobalSection
	GlobalSection(NestedProjects) = preSolution
		{3366E688-0760-44C7-A2F3-2AA1F4B6902E} = {2F7E70C2-68B7-4A98-873D-D49E4F3AF552}
		{EFE67BB5-CDA4-4B3E-89F1-60628003D560} = {2F7E70C2-68B7-4A98-873D-D49E4F3AF552}
		{5DB9AE9C-4643-49E4-BCF1-FCF94B6B9893} = {2F7E70C2-68B7-4A98-873D-D49E4F3AF552}
		{AE56E005-996D-42AC-BF75-CD21648201F0} = {2F7E70C2-68B7-4A98-873D-D49E4F3AF552}
		{B6F3620A-703A-4B8A-9898-F4BF4A19DA49} = {6E0BA83A-247A-4171-B06E-C10731440B2F}
		{8EEBC3DA-6086-4CC5-AA8D-E4D08E397BDC} = {2F7E70C2-68B7-4A98-873D-D49E4F3AF552}
	EndGlobalSection
EndGlobal
