
Microsoft Visual Studio Solution File, Format Version 12.00
# Visual Studio 15
VisualStudioVersion = 15.0.28307.852
MinimumVisualStudioVersion = 10.0.40219.1
Project("{2150E333-8FDC-42A3-9474-1A3956D46DE8}") = "Libraries", "Libraries", "{2F7E70C2-68B7-4A98-873D-D49E4F3AF552}"
EndProject
Project("{FAE04EC0-301F-11D3-BF4B-00C04F79EFBC}") = "Yutaka.Diagnostics", "Libraries\Yutaka.Diagnostics\Yutaka.Diagnostics.csproj", "{3366E688-0760-44C7-A2F3-2AA1F4B6902E}"
EndProject
Project("{FAE04EC0-301F-11D3-BF4B-00C04F79EFBC}") = "Yutaka.IO", "Libraries\Yutaka.IO\Yutaka.IO.csproj", "{EFE67BB5-CDA4-4B3E-89F1-60628003D560}"
EndProject
Project("{FAE04EC0-301F-11D3-BF4B-00C04F79EFBC}") = "Yutaka.Net", "Libraries\Yutaka.Net\Yutaka.Net.csproj", "{5DB9AE9C-4643-49E4-BCF1-FCF94B6B9893}"
EndProject
Project("{FAE04EC0-301F-11D3-BF4B-00C04F79EFBC}") = "Yutaka.Utils", "Libraries\Yutaka.Utils\Yutaka.Utils.csproj", "{AE56E005-996D-42AC-BF75-CD21648201F0}"
EndProject
Project("{FAE04EC0-301F-11D3-BF4B-00C04F79EFBC}") = "Yutaka.Text", "Libraries\Yutaka.Text\Yutaka.Text.csproj", "{8EEBC3DA-6086-4CC5-AA8D-E4D08E397BDC}"
EndProject
Project("{FAE04EC0-301F-11D3-BF4B-00C04F79EFBC}") = "Yutaka.Data", "Libraries\Yutaka.Data\Yutaka.Data.csproj", "{9EA6152A-EEB2-4033-BFFB-AEADC37E736B}"
EndProject
Project("{FAE04EC0-301F-11D3-BF4B-00C04F79EFBC}") = "Yutaka.Excel", "Libraries\Yutaka.Excel\Yutaka.Excel.csproj", "{557A8FC4-12F8-43BA-AA31-E1055743A984}"
EndProject
Project("{2150E333-8FDC-42A3-9474-1A3956D46DE8}") = "Programs", "Programs", "{E964C772-CE6B-484A-A575-8F123C38CB1E}"
EndProject
Project("{FAE04EC0-301F-11D3-BF4B-00C04F79EFBC}") = "Yutaka.NewConsoleAppTemplate", "Programs\Yutaka.NewConsoleAppTemplate\Yutaka.NewConsoleAppTemplate.csproj", "{78EEE560-70D0-467C-8619-C2E02695BC11}"
EndProject
Project("{2150E333-8FDC-42A3-9474-1A3956D46DE8}") = "Tests", "Tests", "{2D4535E9-B792-47EC-B1D1-D62952932B87}"
EndProject
Project("{FAE04EC0-301F-11D3-BF4B-00C04F79EFBC}") = "Yutaka.Tests", "Tests\Yutaka.Tests\Yutaka.Tests.csproj", "{94917B11-FE31-4AEB-942A-8209AA646765}"
EndProject
Project("{FAE04EC0-301F-11D3-BF4B-00C04F79EFBC}") = "Yutaka.Web", "Libraries\Yutaka.Web\Yutaka.Web.csproj", "{E039E7D2-0BE3-4BDD-9E4F-40DEF4B92F25}"
EndProject
Project("{FAE04EC0-301F-11D3-BF4B-00C04F79EFBC}") = "Yutaka.Images", "Libraries\Yutaka.Images\Yutaka.Images.csproj", "{207A2154-7B0D-439B-AA69-7CB54AECE72F}"
EndProject
Project("{FAE04EC0-301F-11D3-BF4B-00C04F79EFBC}") = "GoogleContactsCreator", "Programs\GoogleContactsCreator\GoogleContactsCreator.csproj", "{0E76DD36-F084-4F43-80B9-B7A615A33C45}"
EndProject
Project("{FAE04EC0-301F-11D3-BF4B-00C04F79EFBC}") = "Yutaka.IO.Tests", "Tests\Yutaka.IO.Tests\Yutaka.IO.Tests.csproj", "{AE27D9D4-8906-4B33-8691-960C5ED01F47}"
EndProject
Project("{FAE04EC0-301F-11D3-BF4B-00C04F79EFBC}") = "Yutaka.Video", "Libraries\Yutaka.Video\Yutaka.Video.csproj", "{44C155CE-2FAE-4977-A3E5-591583B080D8}"
EndProject
Project("{FAE04EC0-301F-11D3-BF4B-00C04F79EFBC}") = "FileManager", "Programs\FileManager\FileManager.csproj", "{B422F202-35A1-4745-8542-E6132EF83DD7}"
EndProject
Project("{FAE04EC0-301F-11D3-BF4B-00C04F79EFBC}") = "Yutaka.QuickBooks", "Libraries\Yutaka.QuickBooks\Yutaka.QuickBooks.csproj", "{1954C736-342D-4927-9881-7CB2129BAB11}"
EndProject
Project("{FAE04EC0-301F-11D3-BF4B-00C04F79EFBC}") = "Yutaka.VineSpringV3", "Libraries\Yutaka.VineSpringV3\Yutaka.VineSpringV3.csproj", "{4B217D22-8B8D-4384-B5AC-2C811ACFA3D0}"
EndProject
Project("{FAE04EC0-301F-11D3-BF4B-00C04F79EFBC}") = "Yutaka.WineShipping", "Libraries\Yutaka.WineShipping\Yutaka.WineShipping.csproj", "{01E94A65-93EB-4E54-A46C-5F76E3C58217}"
EndProject
Project("{FAE04EC0-301F-11D3-BF4B-00C04F79EFBC}") = "Yutaka.Xml", "Libraries\Yutaka.Xml\Yutaka.Xml.csproj", "{E35CE9B7-00A7-44CA-8B2D-2B96D9D13FA7}"
EndProject
Global
	GlobalSection(SolutionConfigurationPlatforms) = preSolution
		Debug|Any CPU = Debug|Any CPU
		Release|Any CPU = Release|Any CPU
	EndGlobalSection
	GlobalSection(ProjectConfigurationPlatforms) = postSolution
		{3366E688-0760-44C7-A2F3-2AA1F4B6902E}.Debug|Any CPU.ActiveCfg = Debug|Any CPU
		{3366E688-0760-44C7-A2F3-2AA1F4B6902E}.Debug|Any CPU.Build.0 = Debug|Any CPU
		{3366E688-0760-44C7-A2F3-2AA1F4B6902E}.Release|Any CPU.ActiveCfg = Release|Any CPU
		{3366E688-0760-44C7-A2F3-2AA1F4B6902E}.Release|Any CPU.Build.0 = Release|Any CPU
		{EFE67BB5-CDA4-4B3E-89F1-60628003D560}.Debug|Any CPU.ActiveCfg = Debug|Any CPU
		{EFE67BB5-CDA4-4B3E-89F1-60628003D560}.Debug|Any CPU.Build.0 = Debug|Any CPU
		{EFE67BB5-CDA4-4B3E-89F1-60628003D560}.Release|Any CPU.ActiveCfg = Release|Any CPU
		{EFE67BB5-CDA4-4B3E-89F1-60628003D560}.Release|Any CPU.Build.0 = Release|Any CPU
		{5DB9AE9C-4643-49E4-BCF1-FCF94B6B9893}.Debug|Any CPU.ActiveCfg = Debug|Any CPU
		{5DB9AE9C-4643-49E4-BCF1-FCF94B6B9893}.Debug|Any CPU.Build.0 = Debug|Any CPU
		{5DB9AE9C-4643-49E4-BCF1-FCF94B6B9893}.Release|Any CPU.ActiveCfg = Release|Any CPU
		{5DB9AE9C-4643-49E4-BCF1-FCF94B6B9893}.Release|Any CPU.Build.0 = Release|Any CPU
		{AE56E005-996D-42AC-BF75-CD21648201F0}.Debug|Any CPU.ActiveCfg = Debug|Any CPU
		{AE56E005-996D-42AC-BF75-CD21648201F0}.Debug|Any CPU.Build.0 = Debug|Any CPU
		{AE56E005-996D-42AC-BF75-CD21648201F0}.Release|Any CPU.ActiveCfg = Release|Any CPU
		{AE56E005-996D-42AC-BF75-CD21648201F0}.Release|Any CPU.Build.0 = Release|Any CPU
		{8EEBC3DA-6086-4CC5-AA8D-E4D08E397BDC}.Debug|Any CPU.ActiveCfg = Debug|Any CPU
		{8EEBC3DA-6086-4CC5-AA8D-E4D08E397BDC}.Debug|Any CPU.Build.0 = Debug|Any CPU
		{8EEBC3DA-6086-4CC5-AA8D-E4D08E397BDC}.Release|Any CPU.ActiveCfg = Release|Any CPU
		{8EEBC3DA-6086-4CC5-AA8D-E4D08E397BDC}.Release|Any CPU.Build.0 = Release|Any CPU
		{9EA6152A-EEB2-4033-BFFB-AEADC37E736B}.Debug|Any CPU.ActiveCfg = Debug|Any CPU
		{9EA6152A-EEB2-4033-BFFB-AEADC37E736B}.Debug|Any CPU.Build.0 = Debug|Any CPU
		{9EA6152A-EEB2-4033-BFFB-AEADC37E736B}.Release|Any CPU.ActiveCfg = Release|Any CPU
		{9EA6152A-EEB2-4033-BFFB-AEADC37E736B}.Release|Any CPU.Build.0 = Release|Any CPU
		{557A8FC4-12F8-43BA-AA31-E1055743A984}.Debug|Any CPU.ActiveCfg = Debug|Any CPU
		{557A8FC4-12F8-43BA-AA31-E1055743A984}.Debug|Any CPU.Build.0 = Debug|Any CPU
		{557A8FC4-12F8-43BA-AA31-E1055743A984}.Release|Any CPU.ActiveCfg = Release|Any CPU
		{557A8FC4-12F8-43BA-AA31-E1055743A984}.Release|Any CPU.Build.0 = Release|Any CPU
		{78EEE560-70D0-467C-8619-C2E02695BC11}.Debug|Any CPU.ActiveCfg = Debug|Any CPU
		{78EEE560-70D0-467C-8619-C2E02695BC11}.Debug|Any CPU.Build.0 = Debug|Any CPU
		{78EEE560-70D0-467C-8619-C2E02695BC11}.Release|Any CPU.ActiveCfg = Release|Any CPU
		{78EEE560-70D0-467C-8619-C2E02695BC11}.Release|Any CPU.Build.0 = Release|Any CPU
		{94917B11-FE31-4AEB-942A-8209AA646765}.Debug|Any CPU.ActiveCfg = Debug|Any CPU
		{94917B11-FE31-4AEB-942A-8209AA646765}.Debug|Any CPU.Build.0 = Debug|Any CPU
		{94917B11-FE31-4AEB-942A-8209AA646765}.Release|Any CPU.ActiveCfg = Release|Any CPU
		{94917B11-FE31-4AEB-942A-8209AA646765}.Release|Any CPU.Build.0 = Release|Any CPU
		{E039E7D2-0BE3-4BDD-9E4F-40DEF4B92F25}.Debug|Any CPU.ActiveCfg = Debug|Any CPU
		{E039E7D2-0BE3-4BDD-9E4F-40DEF4B92F25}.Debug|Any CPU.Build.0 = Debug|Any CPU
		{E039E7D2-0BE3-4BDD-9E4F-40DEF4B92F25}.Release|Any CPU.ActiveCfg = Release|Any CPU
		{E039E7D2-0BE3-4BDD-9E4F-40DEF4B92F25}.Release|Any CPU.Build.0 = Release|Any CPU
		{207A2154-7B0D-439B-AA69-7CB54AECE72F}.Debug|Any CPU.ActiveCfg = Debug|Any CPU
		{207A2154-7B0D-439B-AA69-7CB54AECE72F}.Debug|Any CPU.Build.0 = Debug|Any CPU
		{207A2154-7B0D-439B-AA69-7CB54AECE72F}.Release|Any CPU.ActiveCfg = Release|Any CPU
		{207A2154-7B0D-439B-AA69-7CB54AECE72F}.Release|Any CPU.Build.0 = Release|Any CPU
		{0E76DD36-F084-4F43-80B9-B7A615A33C45}.Debug|Any CPU.ActiveCfg = Debug|Any CPU
		{0E76DD36-F084-4F43-80B9-B7A615A33C45}.Debug|Any CPU.Build.0 = Debug|Any CPU
		{0E76DD36-F084-4F43-80B9-B7A615A33C45}.Release|Any CPU.ActiveCfg = Release|Any CPU
		{0E76DD36-F084-4F43-80B9-B7A615A33C45}.Release|Any CPU.Build.0 = Release|Any CPU
		{AE27D9D4-8906-4B33-8691-960C5ED01F47}.Debug|Any CPU.ActiveCfg = Debug|Any CPU
		{AE27D9D4-8906-4B33-8691-960C5ED01F47}.Debug|Any CPU.Build.0 = Debug|Any CPU
		{AE27D9D4-8906-4B33-8691-960C5ED01F47}.Release|Any CPU.ActiveCfg = Release|Any CPU
		{AE27D9D4-8906-4B33-8691-960C5ED01F47}.Release|Any CPU.Build.0 = Release|Any CPU
		{44C155CE-2FAE-4977-A3E5-591583B080D8}.Debug|Any CPU.ActiveCfg = Debug|Any CPU
		{44C155CE-2FAE-4977-A3E5-591583B080D8}.Debug|Any CPU.Build.0 = Debug|Any CPU
		{44C155CE-2FAE-4977-A3E5-591583B080D8}.Release|Any CPU.ActiveCfg = Release|Any CPU
		{44C155CE-2FAE-4977-A3E5-591583B080D8}.Release|Any CPU.Build.0 = Release|Any CPU
		{B422F202-35A1-4745-8542-E6132EF83DD7}.Debug|Any CPU.ActiveCfg = Debug|Any CPU
		{B422F202-35A1-4745-8542-E6132EF83DD7}.Debug|Any CPU.Build.0 = Debug|Any CPU
		{B422F202-35A1-4745-8542-E6132EF83DD7}.Release|Any CPU.ActiveCfg = Release|Any CPU
		{B422F202-35A1-4745-8542-E6132EF83DD7}.Release|Any CPU.Build.0 = Release|Any CPU
		{1954C736-342D-4927-9881-7CB2129BAB11}.Debug|Any CPU.ActiveCfg = Debug|Any CPU
		{1954C736-342D-4927-9881-7CB2129BAB11}.Debug|Any CPU.Build.0 = Debug|Any CPU
		{1954C736-342D-4927-9881-7CB2129BAB11}.Release|Any CPU.ActiveCfg = Release|Any CPU
		{1954C736-342D-4927-9881-7CB2129BAB11}.Release|Any CPU.Build.0 = Release|Any CPU
		{4B217D22-8B8D-4384-B5AC-2C811ACFA3D0}.Debug|Any CPU.ActiveCfg = Debug|Any CPU
		{4B217D22-8B8D-4384-B5AC-2C811ACFA3D0}.Debug|Any CPU.Build.0 = Debug|Any CPU
		{4B217D22-8B8D-4384-B5AC-2C811ACFA3D0}.Release|Any CPU.ActiveCfg = Release|Any CPU
		{4B217D22-8B8D-4384-B5AC-2C811ACFA3D0}.Release|Any CPU.Build.0 = Release|Any CPU
		{01E94A65-93EB-4E54-A46C-5F76E3C58217}.Debug|Any CPU.ActiveCfg = Debug|Any CPU
		{01E94A65-93EB-4E54-A46C-5F76E3C58217}.Debug|Any CPU.Build.0 = Debug|Any CPU
		{01E94A65-93EB-4E54-A46C-5F76E3C58217}.Release|Any CPU.ActiveCfg = Release|Any CPU
		{01E94A65-93EB-4E54-A46C-5F76E3C58217}.Release|Any CPU.Build.0 = Release|Any CPU
		{E35CE9B7-00A7-44CA-8B2D-2B96D9D13FA7}.Debug|Any CPU.ActiveCfg = Debug|Any CPU
		{E35CE9B7-00A7-44CA-8B2D-2B96D9D13FA7}.Debug|Any CPU.Build.0 = Debug|Any CPU
		{E35CE9B7-00A7-44CA-8B2D-2B96D9D13FA7}.Release|Any CPU.ActiveCfg = Release|Any CPU
		{E35CE9B7-00A7-44CA-8B2D-2B96D9D13FA7}.Release|Any CPU.Build.0 = Release|Any CPU
	EndGlobalSection
	GlobalSection(SolutionProperties) = preSolution
		HideSolutionNode = FALSE
	EndGlobalSection
	GlobalSection(NestedProjects) = preSolution
		{3366E688-0760-44C7-A2F3-2AA1F4B6902E} = {2F7E70C2-68B7-4A98-873D-D49E4F3AF552}
		{EFE67BB5-CDA4-4B3E-89F1-60628003D560} = {2F7E70C2-68B7-4A98-873D-D49E4F3AF552}
		{5DB9AE9C-4643-49E4-BCF1-FCF94B6B9893} = {2F7E70C2-68B7-4A98-873D-D49E4F3AF552}
		{AE56E005-996D-42AC-BF75-CD21648201F0} = {2F7E70C2-68B7-4A98-873D-D49E4F3AF552}
		{8EEBC3DA-6086-4CC5-AA8D-E4D08E397BDC} = {2F7E70C2-68B7-4A98-873D-D49E4F3AF552}
		{9EA6152A-EEB2-4033-BFFB-AEADC37E736B} = {2F7E70C2-68B7-4A98-873D-D49E4F3AF552}
		{557A8FC4-12F8-43BA-AA31-E1055743A984} = {2F7E70C2-68B7-4A98-873D-D49E4F3AF552}
		{78EEE560-70D0-467C-8619-C2E02695BC11} = {E964C772-CE6B-484A-A575-8F123C38CB1E}
		{94917B11-FE31-4AEB-942A-8209AA646765} = {2D4535E9-B792-47EC-B1D1-D62952932B87}
		{E039E7D2-0BE3-4BDD-9E4F-40DEF4B92F25} = {2F7E70C2-68B7-4A98-873D-D49E4F3AF552}
		{207A2154-7B0D-439B-AA69-7CB54AECE72F} = {2F7E70C2-68B7-4A98-873D-D49E4F3AF552}
		{0E76DD36-F084-4F43-80B9-B7A615A33C45} = {E964C772-CE6B-484A-A575-8F123C38CB1E}
		{AE27D9D4-8906-4B33-8691-960C5ED01F47} = {2D4535E9-B792-47EC-B1D1-D62952932B87}
		{44C155CE-2FAE-4977-A3E5-591583B080D8} = {2F7E70C2-68B7-4A98-873D-D49E4F3AF552}
		{B422F202-35A1-4745-8542-E6132EF83DD7} = {E964C772-CE6B-484A-A575-8F123C38CB1E}
		{1954C736-342D-4927-9881-7CB2129BAB11} = {2F7E70C2-68B7-4A98-873D-D49E4F3AF552}
		{4B217D22-8B8D-4384-B5AC-2C811ACFA3D0} = {2F7E70C2-68B7-4A98-873D-D49E4F3AF552}
		{01E94A65-93EB-4E54-A46C-5F76E3C58217} = {2F7E70C2-68B7-4A98-873D-D49E4F3AF552}
		{E35CE9B7-00A7-44CA-8B2D-2B96D9D13FA7} = {2F7E70C2-68B7-4A98-873D-D49E4F3AF552}
	EndGlobalSection
	GlobalSection(ExtensibilityGlobals) = postSolution
		SolutionGuid = {E99AAE14-A8BB-4295-8A99-2AB3B123ABEB}
	EndGlobalSection
EndGlobal
