
Microsoft Visual Studio Solution File, Format Version 12.00
# Visual Studio 15
VisualStudioVersion = 15.0.28307.852
MinimumVisualStudioVersion = 10.0.40219.1
Project("{2150E333-8FDC-42A3-9474-1A3956D46DE8}") = "Libraries", "Libraries", "{2F7E70C2-68B7-4A98-873D-D49E4F3AF552}"
EndProject
Project("{FAE04EC0-301F-11D3-BF4B-00C04F79EFBC}") = "Yutaka.Diagnostics", "Libraries\Yutaka.Diagnostics\Yutaka.Diagnostics.csproj", "{3366E688-0760-44C7-A2F3-2AA1F4B6902E}"
EndProject
Project("{FAE04EC0-301F-11D3-BF4B-00C04F79EFBC}") = "Yutaka.IO", "Libraries\Yutaka.IO\Yutaka.IO.csproj", "{EFE67BB5-CDA4-4B3E-89F1-60628003D560}"
EndProject
Project("{FAE04EC0-301F-11D3-BF4B-00C04F79EFBC}") = "Yutaka.Utils", "Libraries\Yutaka.Utils\Yutaka.Utils.csproj", "{AE56E005-996D-42AC-BF75-CD21648201F0}"
EndProject
Project("{FAE04EC0-301F-11D3-BF4B-00C04F79EFBC}") = "Yutaka.Text", "Libraries\Yutaka.Text\Yutaka.Text.csproj", "{8EEBC3DA-6086-4CC5-AA8D-E4D08E397BDC}"
EndProject
Project("{FAE04EC0-301F-11D3-BF4B-00C04F79EFBC}") = "Yutaka.Data", "Libraries\Yutaka.Data\Yutaka.Data.csproj", "{9EA6152A-EEB2-4033-BFFB-AEADC37E736B}"
EndProject
Project("{FAE04EC0-301F-11D3-BF4B-00C04F79EFBC}") = "Yutaka.Excel", "Libraries\Yutaka.Excel\Yutaka.Excel.csproj", "{557A8FC4-12F8-43BA-AA31-E1055743A984}"
EndProject
Project("{2150E333-8FDC-42A3-9474-1A3956D46DE8}") = "Programs", "Programs", "{E964C772-CE6B-484A-A575-8F123C38CB1E}"
EndProject
Project("{FAE04EC0-301F-11D3-BF4B-00C04F79EFBC}") = "Yutaka.NewConsoleAppTemplate", "Programs\Yutaka.NewConsoleAppTemplate\Yutaka.NewConsoleAppTemplate.csproj", "{78EEE560-70D0-467C-8619-C2E02695BC11}"
EndProject
Project("{2150E333-8FDC-42A3-9474-1A3956D46DE8}") = "Tests", "Tests", "{2D4535E9-B792-47EC-B1D1-D62952932B87}"
EndProject
Project("{FAE04EC0-301F-11D3-BF4B-00C04F79EFBC}") = "Yutaka.Tests", "Tests\Yutaka.Tests\Yutaka.Tests.csproj", "{94917B11-FE31-4AEB-942A-8209AA646765}"
EndProject
Project("{FAE04EC0-301F-11D3-BF4B-00C04F79EFBC}") = "Yutaka.Web", "Libraries\Yutaka.Web\Yutaka.Web.csproj", "{E039E7D2-0BE3-4BDD-9E4F-40DEF4B92F25}"
EndProject
Project("{FAE04EC0-301F-11D3-BF4B-00C04F79EFBC}") = "Yutaka.Images", "Libraries\Yutaka.Images\Yutaka.Images.csproj", "{207A2154-7B0D-439B-AA69-7CB54AECE72F}"
EndProject
Project("{FAE04EC0-301F-11D3-BF4B-00C04F79EFBC}") = "GoogleContactsCreator", "Programs\GoogleContactsCreator\GoogleContactsCreator.csproj", "{0E76DD36-F084-4F43-80B9-B7A615A33C45}"
EndProject
Project("{FAE04EC0-301F-11D3-BF4B-00C04F79EFBC}") = "Yutaka.IO.Tests", "Tests\Yutaka.IO.Tests\Yutaka.IO.Tests.csproj", "{AE27D9D4-8906-4B33-8691-960C5ED01F47}"
EndProject
Project("{FAE04EC0-301F-11D3-BF4B-00C04F79EFBC}") = "Yutaka.Video", "Libraries\Yutaka.Video\Yutaka.Video.csproj", "{44C155CE-2FAE-4977-A3E5-591583B080D8}"
EndProject
Project("{FAE04EC0-301F-11D3-BF4B-00C04F79EFBC}") = "FileManager", "Programs\FileManager\FileManager.csproj", "{B422F202-35A1-4745-8542-E6132EF83DD7}"
EndProject
Project("{FAE04EC0-301F-11D3-BF4B-00C04F79EFBC}") = "Yutaka.Diagnostics.Tests", "Tests\Yutaka.Diagnostics.Tests\Yutaka.Diagnostics.Tests.csproj", "{E0C44296-5EB2-4EBA-9D8E-1B179FBF9F70}"
EndProject
Project("{FAE04EC0-301F-11D3-BF4B-00C04F79EFBC}") = "RestartComputer", "Programs\RestartComputer\RestartComputer.csproj", "{08D5D31F-97FC-4ABB-B67C-B6A2F1DD3633}"
EndProject
Project("{FAE04EC0-301F-11D3-BF4B-00C04F79EFBC}") = "Yutaka.IO2", "Libraries\Yutaka.IO2\Yutaka.IO2.csproj", "{72B44A65-E00E-462E-A87E-C2F83856EE7F}"
EndProject
Project("{FAE04EC0-301F-11D3-BF4B-00C04F79EFBC}") = "Yutaka.IO2.Tests", "Tests\Yutaka.IO2.Tests\Yutaka.IO2.Tests.csproj", "{5A704A5E-228E-4E69-AEE8-329FED2BD469}"
EndProject
Project("{FAE04EC0-301F-11D3-BF4B-00C04F79EFBC}") = "Yutaka.Pdf", "Libraries\Yutaka.Pdf\Yutaka.Pdf.csproj", "{2A21E034-E5F4-4E6A-AB43-D77364F39210}"
EndProject
Project("{FAE04EC0-301F-11D3-BF4B-00C04F79EFBC}") = "CodeGenerator", "Programs\CodeGenerator\CodeGenerator.csproj", "{39F4FB4C-BDF6-477E-BD5C-F8AACD8B5DEC}"
EndProject
Project("{FAE04EC0-301F-11D3-BF4B-00C04F79EFBC}") = "Yutaka.Data.Tests", "Tests\Yutaka.Data.Tests\Yutaka.Data.Tests.csproj", "{F89C604F-6C2C-4712-BB25-CC313996000E}"
EndProject
Project("{FAE04EC0-301F-11D3-BF4B-00C04F79EFBC}") = "Yutaka.Timers.Tests", "Tests\Yutaka.Timers.Tests\Yutaka.Timers.Tests.csproj", "{7E75E58C-3A40-4CA1-BCC7-D6A441D9EA90}"
EndProject
Project("{FAE04EC0-301F-11D3-BF4B-00C04F79EFBC}") = "Yutaka.DateTime", "Libraries\Yutaka.DateTime\Yutaka.DateTime.csproj", "{6CF7F155-EE00-4049-9A0E-A03969F2587D}"
EndProject
Project("{FAE04EC0-301F-11D3-BF4B-00C04F79EFBC}") = "Yutaka.Core", "Libraries\Yutaka.Core\Yutaka.Core.csproj", "{F6128925-5C84-4510-962D-BB42320B8CB6}"
EndProject
Project("{FAE04EC0-301F-11D3-BF4B-00C04F79EFBC}") = "FileManagerNet462", "Programs\FileManagerNet462\FileManagerNet462.csproj", "{2771B0F3-A004-4721-9E48-8F3B10D1E755}"
EndProject
Project("{FAE04EC0-301F-11D3-BF4B-00C04F79EFBC}") = "PlaylistCreator", "Programs\PlaylistCreator\PlaylistCreator.csproj", "{78935EFE-8FFC-4646-8046-022D0305A3F5}"
EndProject
Project("{FAE04EC0-301F-11D3-BF4B-00C04F79EFBC}") = "SpeedTester", "Tests\SpeedTester\SpeedTester.csproj", "{6E4DC4A9-C652-45AD-B709-A4B64DB969B5}"
EndProject
Project("{FAE04EC0-301F-11D3-BF4B-00C04F79EFBC}") = "Yutaka.Tsql", "Libraries\Yutaka.Tsql\Yutaka.Tsql.csproj", "{01BE655C-7A19-4E17-B22A-A85A2CB98283}"
EndProject
Project("{FAE04EC0-301F-11D3-BF4B-00C04F79EFBC}") = "Yutaka.Services", "Libraries\Yutaka.Services\Yutaka.Services.csproj", "{EDA97683-765E-4282-9BE3-72C8FC86EE35}"
EndProject
Project("{FAE04EC0-301F-11D3-BF4B-00C04F79EFBC}") = "Yutaka.Core.Tests", "Tests\Yutaka.Core.Tests\Yutaka.Core.Tests.csproj", "{D8707176-BA01-4C46-B3C2-EE7EB7DA9A09}"
EndProject
Project("{2150E333-8FDC-42A3-9474-1A3956D46DE8}") = "Libraries - 3rd Party", "Libraries - 3rd Party", "{4910ED87-4253-469E-B47F-EB0384EB9D95}"
EndProject
Project("{FAE04EC0-301F-11D3-BF4B-00C04F79EFBC}") = "Yutaka.QuickBooks", "Libraries - 3rd Party\Yutaka.QuickBooks\Yutaka.QuickBooks.csproj", "{1954C736-342D-4927-9881-7CB2129BAB11}"
EndProject
Project("{FAE04EC0-301F-11D3-BF4B-00C04F79EFBC}") = "Yutaka.VineSpring", "Libraries - 3rd Party\Yutaka.VineSpring\Yutaka.VineSpring.csproj", "{9A2AFB29-EE17-4B59-9C68-EFF2DFF3A71A}"
EndProject
Project("{FAE04EC0-301F-11D3-BF4B-00C04F79EFBC}") = "Yutaka.VineSpringV3", "Libraries - 3rd Party\Yutaka.VineSpringV3\Yutaka.VineSpringV3.csproj", "{4B217D22-8B8D-4384-B5AC-2C811ACFA3D0}"
EndProject
Project("{FAE04EC0-301F-11D3-BF4B-00C04F79EFBC}") = "Yutaka.WineShipping", "Libraries - 3rd Party\Yutaka.WineShipping\Yutaka.WineShipping.csproj", "{01E94A65-93EB-4E54-A46C-5F76E3C58217}"
EndProject
Project("{FAE04EC0-301F-11D3-BF4B-00C04F79EFBC}") = "Yutaka.Pcgs", "Libraries - 3rd Party\Yutaka.Pcgs\Yutaka.Pcgs.csproj", "{B1F8F5A7-73C0-4A0F-8896-D2993D1958E5}"
EndProject
Project("{FAE04EC0-301F-11D3-BF4B-00C04F79EFBC}") = "Yutaka.Helcim", "Libraries - 3rd Party\Yutaka.Helcim\Yutaka.Helcim.csproj", "{7415F0BD-E16B-45E0-A12A-7661A878CFFA}"
EndProject
Global
	GlobalSection(SolutionConfigurationPlatforms) = preSolution
		Debug|Any CPU = Debug|Any CPU
		Release|Any CPU = Release|Any CPU
	EndGlobalSection
	GlobalSection(ProjectConfigurationPlatforms) = postSolution
		{3366E688-0760-44C7-A2F3-2AA1F4B6902E}.Debug|Any CPU.ActiveCfg = Debug|Any CPU
		{3366E688-0760-44C7-A2F3-2AA1F4B6902E}.Debug|Any CPU.Build.0 = Debug|Any CPU
		{3366E688-0760-44C7-A2F3-2AA1F4B6902E}.Release|Any CPU.ActiveCfg = Release|Any CPU
		{3366E688-0760-44C7-A2F3-2AA1F4B6902E}.Release|Any CPU.Build.0 = Release|Any CPU
		{EFE67BB5-CDA4-4B3E-89F1-60628003D560}.Debug|Any CPU.ActiveCfg = Debug|Any CPU
		{EFE67BB5-CDA4-4B3E-89F1-60628003D560}.Debug|Any CPU.Build.0 = Debug|Any CPU
		{EFE67BB5-CDA4-4B3E-89F1-60628003D560}.Release|Any CPU.ActiveCfg = Release|Any CPU
		{EFE67BB5-CDA4-4B3E-89F1-60628003D560}.Release|Any CPU.Build.0 = Release|Any CPU
		{AE56E005-996D-42AC-BF75-CD21648201F0}.Debug|Any CPU.ActiveCfg = Debug|Any CPU
		{AE56E005-996D-42AC-BF75-CD21648201F0}.Debug|Any CPU.Build.0 = Debug|Any CPU
		{AE56E005-996D-42AC-BF75-CD21648201F0}.Release|Any CPU.ActiveCfg = Release|Any CPU
		{AE56E005-996D-42AC-BF75-CD21648201F0}.Release|Any CPU.Build.0 = Release|Any CPU
		{8EEBC3DA-6086-4CC5-AA8D-E4D08E397BDC}.Debug|Any CPU.ActiveCfg = Debug|Any CPU
		{8EEBC3DA-6086-4CC5-AA8D-E4D08E397BDC}.Debug|Any CPU.Build.0 = Debug|Any CPU
		{8EEBC3DA-6086-4CC5-AA8D-E4D08E397BDC}.Release|Any CPU.ActiveCfg = Release|Any CPU
		{8EEBC3DA-6086-4CC5-AA8D-E4D08E397BDC}.Release|Any CPU.Build.0 = Release|Any CPU
		{9EA6152A-EEB2-4033-BFFB-AEADC37E736B}.Debug|Any CPU.ActiveCfg = Debug|Any CPU
		{9EA6152A-EEB2-4033-BFFB-AEADC37E736B}.Debug|Any CPU.Build.0 = Debug|Any CPU
		{9EA6152A-EEB2-4033-BFFB-AEADC37E736B}.Release|Any CPU.ActiveCfg = Release|Any CPU
		{9EA6152A-EEB2-4033-BFFB-AEADC37E736B}.Release|Any CPU.Build.0 = Release|Any CPU
		{557A8FC4-12F8-43BA-AA31-E1055743A984}.Debug|Any CPU.ActiveCfg = Debug|Any CPU
		{557A8FC4-12F8-43BA-AA31-E1055743A984}.Debug|Any CPU.Build.0 = Debug|Any CPU
		{557A8FC4-12F8-43BA-AA31-E1055743A984}.Release|Any CPU.ActiveCfg = Release|Any CPU
		{557A8FC4-12F8-43BA-AA31-E1055743A984}.Release|Any CPU.Build.0 = Release|Any CPU
		{78EEE560-70D0-467C-8619-C2E02695BC11}.Debug|Any CPU.ActiveCfg = Debug|Any CPU
		{78EEE560-70D0-467C-8619-C2E02695BC11}.Debug|Any CPU.Build.0 = Debug|Any CPU
		{78EEE560-70D0-467C-8619-C2E02695BC11}.Release|Any CPU.ActiveCfg = Release|Any CPU
		{78EEE560-70D0-467C-8619-C2E02695BC11}.Release|Any CPU.Build.0 = Release|Any CPU
		{94917B11-FE31-4AEB-942A-8209AA646765}.Debug|Any CPU.ActiveCfg = Debug|Any CPU
		{94917B11-FE31-4AEB-942A-8209AA646765}.Debug|Any CPU.Build.0 = Debug|Any CPU
		{94917B11-FE31-4AEB-942A-8209AA646765}.Release|Any CPU.ActiveCfg = Release|Any CPU
		{94917B11-FE31-4AEB-942A-8209AA646765}.Release|Any CPU.Build.0 = Release|Any CPU
		{E039E7D2-0BE3-4BDD-9E4F-40DEF4B92F25}.Debug|Any CPU.ActiveCfg = Debug|Any CPU
		{E039E7D2-0BE3-4BDD-9E4F-40DEF4B92F25}.Debug|Any CPU.Build.0 = Debug|Any CPU
		{E039E7D2-0BE3-4BDD-9E4F-40DEF4B92F25}.Release|Any CPU.ActiveCfg = Release|Any CPU
		{E039E7D2-0BE3-4BDD-9E4F-40DEF4B92F25}.Release|Any CPU.Build.0 = Release|Any CPU
		{207A2154-7B0D-439B-AA69-7CB54AECE72F}.Debug|Any CPU.ActiveCfg = Debug|Any CPU
		{207A2154-7B0D-439B-AA69-7CB54AECE72F}.Debug|Any CPU.Build.0 = Debug|Any CPU
		{207A2154-7B0D-439B-AA69-7CB54AECE72F}.Release|Any CPU.ActiveCfg = Release|Any CPU
		{207A2154-7B0D-439B-AA69-7CB54AECE72F}.Release|Any CPU.Build.0 = Release|Any CPU
		{0E76DD36-F084-4F43-80B9-B7A615A33C45}.Debug|Any CPU.ActiveCfg = Debug|Any CPU
		{0E76DD36-F084-4F43-80B9-B7A615A33C45}.Debug|Any CPU.Build.0 = Debug|Any CPU
		{0E76DD36-F084-4F43-80B9-B7A615A33C45}.Release|Any CPU.ActiveCfg = Release|Any CPU
		{0E76DD36-F084-4F43-80B9-B7A615A33C45}.Release|Any CPU.Build.0 = Release|Any CPU
		{AE27D9D4-8906-4B33-8691-960C5ED01F47}.Debug|Any CPU.ActiveCfg = Debug|Any CPU
		{AE27D9D4-8906-4B33-8691-960C5ED01F47}.Debug|Any CPU.Build.0 = Debug|Any CPU
		{AE27D9D4-8906-4B33-8691-960C5ED01F47}.Release|Any CPU.ActiveCfg = Release|Any CPU
		{AE27D9D4-8906-4B33-8691-960C5ED01F47}.Release|Any CPU.Build.0 = Release|Any CPU
		{44C155CE-2FAE-4977-A3E5-591583B080D8}.Debug|Any CPU.ActiveCfg = Debug|Any CPU
		{44C155CE-2FAE-4977-A3E5-591583B080D8}.Debug|Any CPU.Build.0 = Debug|Any CPU
		{44C155CE-2FAE-4977-A3E5-591583B080D8}.Release|Any CPU.ActiveCfg = Release|Any CPU
		{44C155CE-2FAE-4977-A3E5-591583B080D8}.Release|Any CPU.Build.0 = Release|Any CPU
		{B422F202-35A1-4745-8542-E6132EF83DD7}.Debug|Any CPU.ActiveCfg = Debug|Any CPU
		{B422F202-35A1-4745-8542-E6132EF83DD7}.Debug|Any CPU.Build.0 = Debug|Any CPU
		{B422F202-35A1-4745-8542-E6132EF83DD7}.Release|Any CPU.ActiveCfg = Release|Any CPU
		{B422F202-35A1-4745-8542-E6132EF83DD7}.Release|Any CPU.Build.0 = Release|Any CPU
		{E0C44296-5EB2-4EBA-9D8E-1B179FBF9F70}.Debug|Any CPU.ActiveCfg = Debug|Any CPU
		{E0C44296-5EB2-4EBA-9D8E-1B179FBF9F70}.Debug|Any CPU.Build.0 = Debug|Any CPU
		{E0C44296-5EB2-4EBA-9D8E-1B179FBF9F70}.Release|Any CPU.ActiveCfg = Release|Any CPU
		{E0C44296-5EB2-4EBA-9D8E-1B179FBF9F70}.Release|Any CPU.Build.0 = Release|Any CPU
		{08D5D31F-97FC-4ABB-B67C-B6A2F1DD3633}.Debug|Any CPU.ActiveCfg = Debug|Any CPU
		{08D5D31F-97FC-4ABB-B67C-B6A2F1DD3633}.Debug|Any CPU.Build.0 = Debug|Any CPU
		{08D5D31F-97FC-4ABB-B67C-B6A2F1DD3633}.Release|Any CPU.ActiveCfg = Release|Any CPU
		{08D5D31F-97FC-4ABB-B67C-B6A2F1DD3633}.Release|Any CPU.Build.0 = Release|Any CPU
		{72B44A65-E00E-462E-A87E-C2F83856EE7F}.Debug|Any CPU.ActiveCfg = Debug|Any CPU
		{72B44A65-E00E-462E-A87E-C2F83856EE7F}.Debug|Any CPU.Build.0 = Debug|Any CPU
		{72B44A65-E00E-462E-A87E-C2F83856EE7F}.Release|Any CPU.ActiveCfg = Release|Any CPU
		{72B44A65-E00E-462E-A87E-C2F83856EE7F}.Release|Any CPU.Build.0 = Release|Any CPU
		{5A704A5E-228E-4E69-AEE8-329FED2BD469}.Debug|Any CPU.ActiveCfg = Debug|Any CPU
		{5A704A5E-228E-4E69-AEE8-329FED2BD469}.Debug|Any CPU.Build.0 = Debug|Any CPU
		{5A704A5E-228E-4E69-AEE8-329FED2BD469}.Release|Any CPU.ActiveCfg = Release|Any CPU
		{5A704A5E-228E-4E69-AEE8-329FED2BD469}.Release|Any CPU.Build.0 = Release|Any CPU
		{2A21E034-E5F4-4E6A-AB43-D77364F39210}.Debug|Any CPU.ActiveCfg = Debug|Any CPU
		{2A21E034-E5F4-4E6A-AB43-D77364F39210}.Debug|Any CPU.Build.0 = Debug|Any CPU
		{2A21E034-E5F4-4E6A-AB43-D77364F39210}.Release|Any CPU.ActiveCfg = Release|Any CPU
		{2A21E034-E5F4-4E6A-AB43-D77364F39210}.Release|Any CPU.Build.0 = Release|Any CPU
		{39F4FB4C-BDF6-477E-BD5C-F8AACD8B5DEC}.Debug|Any CPU.ActiveCfg = Debug|Any CPU
		{39F4FB4C-BDF6-477E-BD5C-F8AACD8B5DEC}.Debug|Any CPU.Build.0 = Debug|Any CPU
		{39F4FB4C-BDF6-477E-BD5C-F8AACD8B5DEC}.Release|Any CPU.ActiveCfg = Release|Any CPU
		{39F4FB4C-BDF6-477E-BD5C-F8AACD8B5DEC}.Release|Any CPU.Build.0 = Release|Any CPU
		{F89C604F-6C2C-4712-BB25-CC313996000E}.Debug|Any CPU.ActiveCfg = Debug|Any CPU
		{F89C604F-6C2C-4712-BB25-CC313996000E}.Debug|Any CPU.Build.0 = Debug|Any CPU
		{F89C604F-6C2C-4712-BB25-CC313996000E}.Release|Any CPU.ActiveCfg = Release|Any CPU
		{F89C604F-6C2C-4712-BB25-CC313996000E}.Release|Any CPU.Build.0 = Release|Any CPU
		{7E75E58C-3A40-4CA1-BCC7-D6A441D9EA90}.Debug|Any CPU.ActiveCfg = Debug|Any CPU
		{7E75E58C-3A40-4CA1-BCC7-D6A441D9EA90}.Debug|Any CPU.Build.0 = Debug|Any CPU
		{7E75E58C-3A40-4CA1-BCC7-D6A441D9EA90}.Release|Any CPU.ActiveCfg = Release|Any CPU
		{7E75E58C-3A40-4CA1-BCC7-D6A441D9EA90}.Release|Any CPU.Build.0 = Release|Any CPU
		{6CF7F155-EE00-4049-9A0E-A03969F2587D}.Debug|Any CPU.ActiveCfg = Debug|Any CPU
		{6CF7F155-EE00-4049-9A0E-A03969F2587D}.Debug|Any CPU.Build.0 = Debug|Any CPU
		{6CF7F155-EE00-4049-9A0E-A03969F2587D}.Release|Any CPU.ActiveCfg = Release|Any CPU
		{6CF7F155-EE00-4049-9A0E-A03969F2587D}.Release|Any CPU.Build.0 = Release|Any CPU
		{F6128925-5C84-4510-962D-BB42320B8CB6}.Debug|Any CPU.ActiveCfg = Debug|Any CPU
		{F6128925-5C84-4510-962D-BB42320B8CB6}.Debug|Any CPU.Build.0 = Debug|Any CPU
		{F6128925-5C84-4510-962D-BB42320B8CB6}.Release|Any CPU.ActiveCfg = Release|Any CPU
		{F6128925-5C84-4510-962D-BB42320B8CB6}.Release|Any CPU.Build.0 = Release|Any CPU
		{2771B0F3-A004-4721-9E48-8F3B10D1E755}.Debug|Any CPU.ActiveCfg = Debug|Any CPU
		{2771B0F3-A004-4721-9E48-8F3B10D1E755}.Debug|Any CPU.Build.0 = Debug|Any CPU
		{2771B0F3-A004-4721-9E48-8F3B10D1E755}.Release|Any CPU.ActiveCfg = Release|Any CPU
		{2771B0F3-A004-4721-9E48-8F3B10D1E755}.Release|Any CPU.Build.0 = Release|Any CPU
		{78935EFE-8FFC-4646-8046-022D0305A3F5}.Debug|Any CPU.ActiveCfg = Debug|Any CPU
		{78935EFE-8FFC-4646-8046-022D0305A3F5}.Debug|Any CPU.Build.0 = Debug|Any CPU
		{78935EFE-8FFC-4646-8046-022D0305A3F5}.Release|Any CPU.ActiveCfg = Release|Any CPU
		{78935EFE-8FFC-4646-8046-022D0305A3F5}.Release|Any CPU.Build.0 = Release|Any CPU
		{6E4DC4A9-C652-45AD-B709-A4B64DB969B5}.Debug|Any CPU.ActiveCfg = Debug|Any CPU
		{6E4DC4A9-C652-45AD-B709-A4B64DB969B5}.Debug|Any CPU.Build.0 = Debug|Any CPU
		{6E4DC4A9-C652-45AD-B709-A4B64DB969B5}.Release|Any CPU.ActiveCfg = Release|Any CPU
		{6E4DC4A9-C652-45AD-B709-A4B64DB969B5}.Release|Any CPU.Build.0 = Release|Any CPU
		{01BE655C-7A19-4E17-B22A-A85A2CB98283}.Debug|Any CPU.ActiveCfg = Debug|Any CPU
		{01BE655C-7A19-4E17-B22A-A85A2CB98283}.Debug|Any CPU.Build.0 = Debug|Any CPU
		{01BE655C-7A19-4E17-B22A-A85A2CB98283}.Release|Any CPU.ActiveCfg = Release|Any CPU
		{01BE655C-7A19-4E17-B22A-A85A2CB98283}.Release|Any CPU.Build.0 = Release|Any CPU
		{EDA97683-765E-4282-9BE3-72C8FC86EE35}.Debug|Any CPU.ActiveCfg = Debug|Any CPU
		{EDA97683-765E-4282-9BE3-72C8FC86EE35}.Debug|Any CPU.Build.0 = Debug|Any CPU
		{EDA97683-765E-4282-9BE3-72C8FC86EE35}.Release|Any CPU.ActiveCfg = Release|Any CPU
		{EDA97683-765E-4282-9BE3-72C8FC86EE35}.Release|Any CPU.Build.0 = Release|Any CPU
		{D8707176-BA01-4C46-B3C2-EE7EB7DA9A09}.Debug|Any CPU.ActiveCfg = Debug|Any CPU
		{D8707176-BA01-4C46-B3C2-EE7EB7DA9A09}.Debug|Any CPU.Build.0 = Debug|Any CPU
		{D8707176-BA01-4C46-B3C2-EE7EB7DA9A09}.Release|Any CPU.ActiveCfg = Release|Any CPU
		{D8707176-BA01-4C46-B3C2-EE7EB7DA9A09}.Release|Any CPU.Build.0 = Release|Any CPU
		{1954C736-342D-4927-9881-7CB2129BAB11}.Debug|Any CPU.ActiveCfg = Debug|Any CPU
		{1954C736-342D-4927-9881-7CB2129BAB11}.Debug|Any CPU.Build.0 = Debug|Any CPU
		{1954C736-342D-4927-9881-7CB2129BAB11}.Release|Any CPU.ActiveCfg = Release|Any CPU
		{1954C736-342D-4927-9881-7CB2129BAB11}.Release|Any CPU.Build.0 = Release|Any CPU
		{9A2AFB29-EE17-4B59-9C68-EFF2DFF3A71A}.Debug|Any CPU.ActiveCfg = Debug|Any CPU
		{9A2AFB29-EE17-4B59-9C68-EFF2DFF3A71A}.Debug|Any CPU.Build.0 = Debug|Any CPU
		{9A2AFB29-EE17-4B59-9C68-EFF2DFF3A71A}.Release|Any CPU.ActiveCfg = Release|Any CPU
		{9A2AFB29-EE17-4B59-9C68-EFF2DFF3A71A}.Release|Any CPU.Build.0 = Release|Any CPU
		{4B217D22-8B8D-4384-B5AC-2C811ACFA3D0}.Debug|Any CPU.ActiveCfg = Debug|Any CPU
		{4B217D22-8B8D-4384-B5AC-2C811ACFA3D0}.Debug|Any CPU.Build.0 = Debug|Any CPU
		{4B217D22-8B8D-4384-B5AC-2C811ACFA3D0}.Release|Any CPU.ActiveCfg = Release|Any CPU
		{4B217D22-8B8D-4384-B5AC-2C811ACFA3D0}.Release|Any CPU.Build.0 = Release|Any CPU
		{01E94A65-93EB-4E54-A46C-5F76E3C58217}.Debug|Any CPU.ActiveCfg = Debug|Any CPU
		{01E94A65-93EB-4E54-A46C-5F76E3C58217}.Debug|Any CPU.Build.0 = Debug|Any CPU
		{01E94A65-93EB-4E54-A46C-5F76E3C58217}.Release|Any CPU.ActiveCfg = Release|Any CPU
		{01E94A65-93EB-4E54-A46C-5F76E3C58217}.Release|Any CPU.Build.0 = Release|Any CPU
		{B1F8F5A7-73C0-4A0F-8896-D2993D1958E5}.Debug|Any CPU.ActiveCfg = Debug|Any CPU
		{B1F8F5A7-73C0-4A0F-8896-D2993D1958E5}.Debug|Any CPU.Build.0 = Debug|Any CPU
		{B1F8F5A7-73C0-4A0F-8896-D2993D1958E5}.Release|Any CPU.ActiveCfg = Release|Any CPU
		{B1F8F5A7-73C0-4A0F-8896-D2993D1958E5}.Release|Any CPU.Build.0 = Release|Any CPU
		{7415F0BD-E16B-45E0-A12A-7661A878CFFA}.Debug|Any CPU.ActiveCfg = Debug|Any CPU
		{7415F0BD-E16B-45E0-A12A-7661A878CFFA}.Debug|Any CPU.Build.0 = Debug|Any CPU
		{7415F0BD-E16B-45E0-A12A-7661A878CFFA}.Release|Any CPU.ActiveCfg = Release|Any CPU
		{7415F0BD-E16B-45E0-A12A-7661A878CFFA}.Release|Any CPU.Build.0 = Release|Any CPU
	EndGlobalSection
	GlobalSection(SolutionProperties) = preSolution
		HideSolutionNode = FALSE
	EndGlobalSection
	GlobalSection(NestedProjects) = preSolution
		{3366E688-0760-44C7-A2F3-2AA1F4B6902E} = {2F7E70C2-68B7-4A98-873D-D49E4F3AF552}
		{EFE67BB5-CDA4-4B3E-89F1-60628003D560} = {2F7E70C2-68B7-4A98-873D-D49E4F3AF552}
		{AE56E005-996D-42AC-BF75-CD21648201F0} = {2F7E70C2-68B7-4A98-873D-D49E4F3AF552}
		{8EEBC3DA-6086-4CC5-AA8D-E4D08E397BDC} = {2F7E70C2-68B7-4A98-873D-D49E4F3AF552}
		{9EA6152A-EEB2-4033-BFFB-AEADC37E736B} = {2F7E70C2-68B7-4A98-873D-D49E4F3AF552}
		{557A8FC4-12F8-43BA-AA31-E1055743A984} = {2F7E70C2-68B7-4A98-873D-D49E4F3AF552}
		{78EEE560-70D0-467C-8619-C2E02695BC11} = {E964C772-CE6B-484A-A575-8F123C38CB1E}
		{94917B11-FE31-4AEB-942A-8209AA646765} = {2D4535E9-B792-47EC-B1D1-D62952932B87}
		{E039E7D2-0BE3-4BDD-9E4F-40DEF4B92F25} = {2F7E70C2-68B7-4A98-873D-D49E4F3AF552}
		{207A2154-7B0D-439B-AA69-7CB54AECE72F} = {2F7E70C2-68B7-4A98-873D-D49E4F3AF552}
		{0E76DD36-F084-4F43-80B9-B7A615A33C45} = {E964C772-CE6B-484A-A575-8F123C38CB1E}
		{AE27D9D4-8906-4B33-8691-960C5ED01F47} = {2D4535E9-B792-47EC-B1D1-D62952932B87}
		{44C155CE-2FAE-4977-A3E5-591583B080D8} = {2F7E70C2-68B7-4A98-873D-D49E4F3AF552}
		{B422F202-35A1-4745-8542-E6132EF83DD7} = {E964C772-CE6B-484A-A575-8F123C38CB1E}
		{E0C44296-5EB2-4EBA-9D8E-1B179FBF9F70} = {2D4535E9-B792-47EC-B1D1-D62952932B87}
		{08D5D31F-97FC-4ABB-B67C-B6A2F1DD3633} = {E964C772-CE6B-484A-A575-8F123C38CB1E}
		{72B44A65-E00E-462E-A87E-C2F83856EE7F} = {2F7E70C2-68B7-4A98-873D-D49E4F3AF552}
		{5A704A5E-228E-4E69-AEE8-329FED2BD469} = {2D4535E9-B792-47EC-B1D1-D62952932B87}
		{2A21E034-E5F4-4E6A-AB43-D77364F39210} = {2F7E70C2-68B7-4A98-873D-D49E4F3AF552}
		{39F4FB4C-BDF6-477E-BD5C-F8AACD8B5DEC} = {E964C772-CE6B-484A-A575-8F123C38CB1E}
		{F89C604F-6C2C-4712-BB25-CC313996000E} = {2D4535E9-B792-47EC-B1D1-D62952932B87}
		{7E75E58C-3A40-4CA1-BCC7-D6A441D9EA90} = {2D4535E9-B792-47EC-B1D1-D62952932B87}
		{6CF7F155-EE00-4049-9A0E-A03969F2587D} = {2F7E70C2-68B7-4A98-873D-D49E4F3AF552}
		{F6128925-5C84-4510-962D-BB42320B8CB6} = {2F7E70C2-68B7-4A98-873D-D49E4F3AF552}
		{2771B0F3-A004-4721-9E48-8F3B10D1E755} = {E964C772-CE6B-484A-A575-8F123C38CB1E}
		{78935EFE-8FFC-4646-8046-022D0305A3F5} = {E964C772-CE6B-484A-A575-8F123C38CB1E}
		{6E4DC4A9-C652-45AD-B709-A4B64DB969B5} = {2D4535E9-B792-47EC-B1D1-D62952932B87}
		{01BE655C-7A19-4E17-B22A-A85A2CB98283} = {2F7E70C2-68B7-4A98-873D-D49E4F3AF552}
		{EDA97683-765E-4282-9BE3-72C8FC86EE35} = {2F7E70C2-68B7-4A98-873D-D49E4F3AF552}
		{D8707176-BA01-4C46-B3C2-EE7EB7DA9A09} = {2D4535E9-B792-47EC-B1D1-D62952932B87}
		{1954C736-342D-4927-9881-7CB2129BAB11} = {4910ED87-4253-469E-B47F-EB0384EB9D95}
		{9A2AFB29-EE17-4B59-9C68-EFF2DFF3A71A} = {4910ED87-4253-469E-B47F-EB0384EB9D95}
		{4B217D22-8B8D-4384-B5AC-2C811ACFA3D0} = {4910ED87-4253-469E-B47F-EB0384EB9D95}
		{01E94A65-93EB-4E54-A46C-5F76E3C58217} = {4910ED87-4253-469E-B47F-EB0384EB9D95}
		{B1F8F5A7-73C0-4A0F-8896-D2993D1958E5} = {4910ED87-4253-469E-B47F-EB0384EB9D95}
		{7415F0BD-E16B-45E0-A12A-7661A878CFFA} = {4910ED87-4253-469E-B47F-EB0384EB9D95}
	EndGlobalSection
	GlobalSection(ExtensibilityGlobals) = postSolution
		SolutionGuid = {E99AAE14-A8BB-4295-8A99-2AB3B123ABEB}
	EndGlobalSection
EndGlobal
